Microsoft Visual Studio Solution File, Format Version 12.00
# Visual Studio Version 17
VisualStudioVersion = 17.5.2.0
MinimumVisualStudioVersion = 10.0.40219.1
Project("{2150E333-8FDC-42A3-9474-1A3956D46DE8}") = "Back", "Back", "{11BF4459-C332-B9BD-164A-F44681F2EC0B}"
EndProject
Project("{FAE04EC0-301F-11D3-BF4B-00C04F79EFBC}") = "HumanCRM-Api", "Back\HumanCRM-Api\HumanCRM-Api.csproj", "{A1018077-6EF9-4E39-6146-89505514628B}"
EndProject
Global
	GlobalSection(SolutionConfigurationPlatforms) = preSolution
		Debug|Any CPU = Debug|Any CPU
		Release|Any CPU = Release|Any CPU
	EndGlobalSection
	GlobalSection(ProjectConfigurationPlatforms) = postSolution
		{A1018077-6EF9-4E39-6146-89505514628B}.Debug|Any CPU.ActiveCfg = Debug|Any CPU
		{A1018077-6EF9-4E39-6146-89505514628B}.Debug|Any CPU.Build.0 = Debug|Any CPU
		{A1018077-6EF9-4E39-6146-89505514628B}.Release|Any CPU.ActiveCfg = Release|Any CPU
		{A1018077-6EF9-4E39-6146-89505514628B}.Release|Any CPU.Build.0 = Release|Any CPU
	EndGlobalSection
	GlobalSection(SolutionProperties) = preSolution
		HideSolutionNode = FALSE
	EndGlobalSection
	GlobalSection(NestedProjects) = preSolution
		{A1018077-6EF9-4E39-6146-89505514628B} = {11BF4459-C332-B9BD-164A-F44681F2EC0B}
	EndGlobalSection
	GlobalSection(ExtensibilityGlobals) = postSolution
		SolutionGuid = {9F7C1BF9-72A0-4D91-A625-04973B6B8884}
	EndGlobalSection
EndGlobal
